
Microsoft Visual Studio Solution File, Format Version 11.00
# Visual Studio 2010
Project("{FAE04EC0-301F-11D3-BF4B-00C04F79EFBC}") = "CapaDatos", "ClassLibrary1\CapaDatos.csproj", "{709B37CD-B1A2-4409-BE00-23ABF7DF1A2D}"
EndProject
Project("{FAE04EC0-301F-11D3-BF4B-00C04F79EFBC}") = "CapaNegocio", "CapaNegocio\CapaNegocio.csproj", "{056DBD75-38E2-4493-9888-99BB69C955DE}"
EndProject
Project("{FAE04EC0-301F-11D3-BF4B-00C04F79EFBC}") = "CapaPresentacion", "CapaPresentacion\CapaPresentacion.csproj", "{F202B4DA-E6EC-45F1-964D-D4CB0A9522D6}"
EndProject
Global
	GlobalSection(SolutionConfigurationPlatforms) = preSolution
		Debug|Any CPU = Debug|Any CPU
		Debug|Mixed Platforms = Debug|Mixed Platforms
		Debug|x86 = Debug|x86
		Release|Any CPU = Release|Any CPU
		Release|Mixed Platforms = Release|Mixed Platforms
		Release|x86 = Release|x86
	EndGlobalSection
	GlobalSection(ProjectConfigurationPlatforms) = postSolution
		{709B37CD-B1A2-4409-BE00-23ABF7DF1A2D}.Debug|Any CPU.ActiveCfg = Debug|Any CPU
		{709B37CD-B1A2-4409-BE00-23ABF7DF1A2D}.Debug|Any CPU.Build.0 = Debug|Any CPU
		{709B37CD-B1A2-4409-BE00-23ABF7DF1A2D}.Debug|Mixed Platforms.ActiveCfg = Debug|Any CPU
		{709B37CD-B1A2-4409-BE00-23ABF7DF1A2D}.Debug|Mixed Platforms.Build.0 = Debug|Any CPU
		{709B37CD-B1A2-4409-BE00-23ABF7DF1A2D}.Debug|x86.ActiveCfg = Debug|Any CPU
		{709B37CD-B1A2-4409-BE00-23ABF7DF1A2D}.Release|Any CPU.ActiveCfg = Release|Any CPU
		{709B37CD-B1A2-4409-BE00-23ABF7DF1A2D}.Release|Any CPU.Build.0 = Release|Any CPU
		{709B37CD-B1A2-4409-BE00-23ABF7DF1A2D}.Release|Mixed Platforms.ActiveCfg = Release|Any CPU
		{709B37CD-B1A2-4409-BE00-23ABF7DF1A2D}.Release|Mixed Platforms.Build.0 = Release|Any CPU
		{709B37CD-B1A2-4409-BE00-23ABF7DF1A2D}.Release|x86.ActiveCfg = Release|Any CPU
		{056DBD75-38E2-4493-9888-99BB69C955DE}.Debug|Any CPU.ActiveCfg = Debug|Any CPU
		{056DBD75-38E2-4493-9888-99BB69C955DE}.Debug|Any CPU.Build.0 = Debug|Any CPU
		{056DBD75-38E2-4493-9888-99BB69C955DE}.Debug|Mixed Platforms.ActiveCfg = Debug|Any CPU
		{056DBD75-38E2-4493-9888-99BB69C955DE}.Debug|Mixed Platforms.Build.0 = Debug|Any CPU
		{056DBD75-38E2-4493-9888-99BB69C955DE}.Debug|x86.ActiveCfg = Debug|Any CPU
		{056DBD75-38E2-4493-9888-99BB69C955DE}.Release|Any CPU.ActiveCfg = Release|Any CPU
		{056DBD75-38E2-4493-9888-99BB69C955DE}.Release|Any CPU.Build.0 = Release|Any CPU
		{056DBD75-38E2-4493-9888-99BB69C955DE}.Release|Mixed Platforms.ActiveCfg = Release|Any CPU
		{056DBD75-38E2-4493-9888-99BB69C955DE}.Release|Mixed Platforms.Build.0 = Release|Any CPU
		{056DBD75-38E2-4493-9888-99BB69C955DE}.Release|x86.ActiveCfg = Release|Any CPU
		{F202B4DA-E6EC-45F1-964D-D4CB0A9522D6}.Debug|Any CPU.ActiveCfg = Debug|x86
		{F202B4DA-E6EC-45F1-964D-D4CB0A9522D6}.Debug|Mixed Platforms.ActiveCfg = Debug|x86
		{F202B4DA-E6EC-45F1-964D-D4CB0A9522D6}.Debug|Mixed Platforms.Build.0 = Debug|x86
		{F202B4DA-E6EC-45F1-964D-D4CB0A9522D6}.Debug|x86.ActiveCfg = Debug|x86
		{F202B4DA-E6EC-45F1-964D-D4CB0A9522D6}.Debug|x86.Build.0 = Debug|x86
		{F202B4DA-E6EC-45F1-964D-D4CB0A9522D6}.Release|Any CPU.ActiveCfg = Release|x86
		{F202B4DA-E6EC-45F1-964D-D4CB0A9522D6}.Release|Mixed Platforms.ActiveCfg = Release|x86
		{F202B4DA-E6EC-45F1-964D-D4CB0A9522D6}.Release|Mixed Platforms.Build.0 = Release|x86
		{F202B4DA-E6EC-45F1-964D-D4CB0A9522D6}.Release|x86.ActiveCfg = Release|x86
		{F202B4DA-E6EC-45F1-964D-D4CB0A9522D6}.Release|x86.Build.0 = Release|x86
	EndGlobalSection
	GlobalSection(SolutionProperties) = preSolution
		HideSolutionNode = FALSE
	EndGlobalSection
EndGlobal
